{
  "name": "panel-corners",
  "version": "*",
  "lockfileVersion": 3,
  "requires": true,
  "packages": {
    "": {
      "name": "panel-corners",
      "version": "*",
      "license": "GPL-3.0",
      "dependencies": {
        "@girs/clutter-12": "^12.0.0-3.2.0",
        "@girs/meta-12": "^12.0.0-3.2.0",
        "@girs/st-12": "^12.0.0-3.2.0"
      },
      "devDependencies": {
        "@girs/adw-1": "^1.3.3-3.2.0",
        "@girs/gdk-4.0": "^4.0.0-3.2.0",
        "@girs/gio-2.0": "^2.76.1-3.2.0",
        "@girs/gjs": "^3.2.0",
        "@girs/gobject-2.0": "^2.76.1-3.2.0",
        "@girs/gtk-4.0": "^4.10.4-3.2.0"
      }
    },
    "node_modules/@girs/adw-1": {
      "version": "1.3.3-3.2.0",
      "resolved": "https://registry.npmjs.org/@girs/adw-1/-/adw-1-1.3.3-3.2.0.tgz",
      "integrity": "sha512-7B3ljhxXFqey0A4LmvtkXfrhErPZYM42FvoOoQxhujKCZt2xVZM6y4UOdbrLEAJA+7LRqbfqg8xqtlbQPUV5Ug==",
      "dev": true,
      "dependencies": {
        "@girs/cairo-1.0": "^1.0.0-3.2.0",
        "@girs/freetype2-2.0": "^2.0.0-3.2.0",
        "@girs/gdk-4.0": "^4.0.0-3.2.0",
        "@girs/gdkpixbuf-2.0": "^2.0.0-3.2.0",
        "@girs/gio-2.0": "^2.76.1-3.2.0",
        "@girs/gjs": "^3.2.0",
        "@girs/glib-2.0": "^2.76.1-3.2.0",
        "@girs/gmodule-2.0": "^2.0.0-3.2.0",
        "@girs/gobject-2.0": "^2.76.1-3.2.0",
        "@girs/graphene-1.0": "^1.0.0-3.2.0",
        "@girs/gsk-4.0": "^4.0.0-3.2.0",
        "@girs/gtk-4.0": "^4.10.4-3.2.0",
        "@girs/harfbuzz-0.0": "^7.1.0-3.2.0",
        "@girs/pango-1.0": "^1.50.14-3.2.0",
        "@girs/pangocairo-1.0": "^1.0.0-3.2.0"
      }
    },
    "node_modules/@girs/atk-1.0": {
      "version": "2.48.3-3.2.0",
      "resolved": "https://registry.npmjs.org/@girs/atk-1.0/-/atk-1.0-2.48.3-3.2.0.tgz",
      "integrity": "sha512-qdjfpcPPWiLrnRIJIcYwUorukrAE+YRT4NI29Vj5fY3dXcuZ3W6PJ0fpkdmLJwidiGOUZ/GvXP2FWhXISP0gPw==",
      "dependencies": {
        "@girs/gjs": "^3.2.0",
        "@girs/glib-2.0": "^2.76.1-3.2.0",
        "@girs/gobject-2.0": "^2.76.1-3.2.0"
      }
    },
    "node_modules/@girs/cairo-1.0": {
      "version": "1.0.0-3.2.0",
      "resolved": "https://registry.npmjs.org/@girs/cairo-1.0/-/cairo-1.0-1.0.0-3.2.0.tgz",
      "integrity": "sha512-ELFYXfA98I3a1nGeIVKMF2q33q9021qpWQ63pchXbtts4henDBw+NntLY/xSv9ufMmuBUUnn6/597kkOdSMecw==",
      "dependencies": {
        "@girs/gjs": "^3.2.0",
        "@girs/gobject-2.0": "^2.76.1-3.2.0"
      }
    },
    "node_modules/@girs/cally-12": {
      "version": "12.0.0-3.2.0",
      "resolved": "https://registry.npmjs.org/@girs/cally-12/-/cally-12-12.0.0-3.2.0.tgz",
      "integrity": "sha512-fm4Yk5hJDZXzhKHQVohIPH63q/ZGxnZKH0jaVm64p7/6d9NZOlnsyNvvp5iBrD8vPnyYvd6iwxP1ItcLfdmbew==",
      "dependencies": {
        "@girs/atk-1.0": "^2.48.3-3.2.0",
        "@girs/cairo-1.0": "^1.0.0-3.2.0",
        "@girs/clutter-12": "^12.0.0-3.2.0",
        "@girs/cogl-12": "^12.0.0-3.2.0",
        "@girs/coglpango-12": "^12.0.0-3.2.0",
        "@girs/freetype2-2.0": "^2.0.0-3.2.0",
        "@girs/gio-2.0": "^2.76.1-3.2.0",
        "@girs/gjs": "^3.2.0",
        "@girs/gl-1.0": "^1.0.0-3.2.0",
        "@girs/glib-2.0": "^2.76.1-3.2.0",
        "@girs/gobject-2.0": "^2.76.1-3.2.0",
        "@girs/graphene-1.0": "^1.0.0-3.2.0",
        "@girs/harfbuzz-0.0": "^7.1.0-3.2.0",
        "@girs/json-1.0": "^1.7.1-3.2.0",
        "@girs/pango-1.0": "^1.50.14-3.2.0",
        "@girs/pangocairo-1.0": "^1.0.0-3.2.0"
      }
    },
    "node_modules/@girs/clutter-12": {
      "version": "12.0.0-3.2.0",
      "resolved": "https://registry.npmjs.org/@girs/clutter-12/-/clutter-12-12.0.0-3.2.0.tgz",
      "integrity": "sha512-T2OTI+/HFzSyK8mK/oiAFUT2f/7LuMHKVGNLmvB9oDSaJkNMeQkgKA5SCrQbDZN/Kp8b5AYI4arIkS5kqzbEgw==",
      "dependencies": {
        "@girs/atk-1.0": "^2.48.3-3.2.0",
        "@girs/cairo-1.0": "^1.0.0-3.2.0",
        "@girs/cogl-12": "^12.0.0-3.2.0",
        "@girs/coglpango-12": "^12.0.0-3.2.0",
        "@girs/freetype2-2.0": "^2.0.0-3.2.0",
        "@girs/gio-2.0": "^2.76.1-3.2.0",
        "@girs/gjs": "^3.2.0",
        "@girs/gl-1.0": "^1.0.0-3.2.0",
        "@girs/glib-2.0": "^2.76.1-3.2.0",
        "@girs/gobject-2.0": "^2.76.1-3.2.0",
        "@girs/graphene-1.0": "^1.0.0-3.2.0",
        "@girs/harfbuzz-0.0": "^7.1.0-3.2.0",
        "@girs/json-1.0": "^1.7.1-3.2.0",
        "@girs/pango-1.0": "^1.50.14-3.2.0",
        "@girs/pangocairo-1.0": "^1.0.0-3.2.0"
      }
    },
    "node_modules/@girs/cogl-12": {
      "version": "12.0.0-3.2.0",
      "resolved": "https://registry.npmjs.org/@girs/cogl-12/-/cogl-12-12.0.0-3.2.0.tgz",
      "integrity": "sha512-TCShlQ2jTYUJ44uQegHYTakkyffh9pO/eJPo0Lca+bIt9Y7Ojpmz2iQ3jnrI/8m4INgtRmJeovbHe8CN7e54Tg==",
      "dependencies": {
        "@girs/cairo-1.0": "^1.0.0-3.2.0",
        "@girs/gjs": "^3.2.0",
        "@girs/gl-1.0": "^1.0.0-3.2.0",
        "@girs/glib-2.0": "^2.76.1-3.2.0",
        "@girs/gobject-2.0": "^2.76.1-3.2.0",
        "@girs/graphene-1.0": "^1.0.0-3.2.0"
      }
    },
    "node_modules/@girs/coglpango-12": {
      "version": "12.0.0-3.2.0",
      "resolved": "https://registry.npmjs.org/@girs/coglpango-12/-/coglpango-12-12.0.0-3.2.0.tgz",
      "integrity": "sha512-nQxQaOULqNWV34vtd7PH7xWZCXi0B/c1+ODKFvKac7NF2h5ZC419JQ30PJRW176c4hMpcDcO73EUrp0rdAD2rA==",
      "dependencies": {
        "@girs/cairo-1.0": "^1.0.0-3.2.0",
        "@girs/cogl-12": "^12.0.0-3.2.0",
        "@girs/freetype2-2.0": "^2.0.0-3.2.0",
        "@girs/gio-2.0": "^2.76.1-3.2.0",
        "@girs/gjs": "^3.2.0",
        "@girs/gl-1.0": "^1.0.0-3.2.0",
        "@girs/glib-2.0": "^2.76.1-3.2.0",
        "@girs/gobject-2.0": "^2.76.1-3.2.0",
        "@girs/graphene-1.0": "^1.0.0-3.2.0",
        "@girs/harfbuzz-0.0": "^7.1.0-3.2.0",
        "@girs/pango-1.0": "^1.50.14-3.2.0",
        "@girs/pangocairo-1.0": "^1.0.0-3.2.0"
      }
    },
    "node_modules/@girs/freetype2-2.0": {
      "version": "2.0.0-3.2.0",
      "resolved": "https://registry.npmjs.org/@girs/freetype2-2.0/-/freetype2-2.0-2.0.0-3.2.0.tgz",
      "integrity": "sha512-Z9Reb8i1u99TsAKFXhpy1t9HBsvUKc/WiPakBfABK9F5EUZEjTGvNuv5mDyGNH3hN/qdQ60b8w7ouOBFVqwtqA==",
      "dependencies": {
        "@girs/gjs": "^3.2.0",
        "@girs/gobject-2.0": "^2.76.1-3.2.0"
      }
    },
    "node_modules/@girs/gdesktopenums-3.0": {
      "version": "3.0.0-3.2.0",
      "resolved": "https://registry.npmjs.org/@girs/gdesktopenums-3.0/-/gdesktopenums-3.0-3.0.0-3.2.0.tgz",
      "integrity": "sha512-QRkQkv9uRB04499mA4nc0zl4ITMIysU6zTKKfQyncXtLNeM7dnxsC6ZaIud7+ru9QtsNiiEVXpLE9OCvN5QCJQ==",
      "dependencies": {
        "@girs/gjs": "^3.2.0",
        "@girs/gobject-2.0": "^2.76.1-3.2.0"
      }
    },
    "node_modules/@girs/gdk-4.0": {
      "version": "4.0.0-3.2.0",
      "resolved": "https://registry.npmjs.org/@girs/gdk-4.0/-/gdk-4.0-4.0.0-3.2.0.tgz",
      "integrity": "sha512-2HCYoURyANB1MFsKkUuEevhxdxrWNN4F4twVW9jm2dqrqEtCL4t0HnYY359CT//X1jZXbTs+nVWLN00limtEtg==",
      "dev": true,
      "dependencies": {
        "@girs/cairo-1.0": "^1.0.0-3.2.0",
        "@girs/freetype2-2.0": "^2.0.0-3.2.0",
        "@girs/gdkpixbuf-2.0": "^2.0.0-3.2.0",
        "@girs/gio-2.0": "^2.76.1-3.2.0",
        "@girs/gjs": "^3.2.0",
        "@girs/glib-2.0": "^2.76.1-3.2.0",
        "@girs/gmodule-2.0": "^2.0.0-3.2.0",
        "@girs/gobject-2.0": "^2.76.1-3.2.0",
        "@girs/harfbuzz-0.0": "^7.1.0-3.2.0",
        "@girs/pango-1.0": "^1.50.14-3.2.0",
        "@girs/pangocairo-1.0": "^1.0.0-3.2.0"
      }
    },
    "node_modules/@girs/gdkpixbuf-2.0": {
      "version": "2.0.0-3.2.0",
      "resolved": "https://registry.npmjs.org/@girs/gdkpixbuf-2.0/-/gdkpixbuf-2.0-2.0.0-3.2.0.tgz",
      "integrity": "sha512-g2iB0j8yucONiD0esyam4UiWXpaz2gDny9bxaS2CZJLAOxVZaOAqtzOlHMntAIxWBeZR62pV0NYpSAB/QS9JBg==",
      "dependencies": {
        "@girs/gio-2.0": "^2.76.1-3.2.0",
        "@girs/gjs": "^3.2.0",
        "@girs/glib-2.0": "^2.76.1-3.2.0",
        "@girs/gmodule-2.0": "^2.0.0-3.2.0",
        "@girs/gobject-2.0": "^2.76.1-3.2.0"
      }
    },
    "node_modules/@girs/gio-2.0": {
      "version": "2.76.1-3.2.0",
      "resolved": "https://registry.npmjs.org/@girs/gio-2.0/-/gio-2.0-2.76.1-3.2.0.tgz",
      "integrity": "sha512-ju9T+p+egfc2b5Wr3+bgNUkBuUryxyKlKR5goClcC0poYakQPoXAH3J3G8Z5/3IY2WEUB696AB1ksluBPtLm/g==",
      "dependencies": {
        "@girs/gjs": "^3.2.0",
        "@girs/glib-2.0": "^2.76.1-3.2.0",
        "@girs/gobject-2.0": "^2.76.1-3.2.0"
      }
    },
    "node_modules/@girs/gjs": {
      "version": "3.2.0",
      "resolved": "https://registry.npmjs.org/@girs/gjs/-/gjs-3.2.0.tgz",
      "integrity": "sha512-pJkTPMVsq731Rg/gNfo2nLX4aI0NB43uZAy1H/14h6AKchgV3XonDX66AgsupBmteeFNmK2ABv0y86PLGtyPvw==",
      "dependencies": {
        "@girs/glib-2.0": "^2.76.1-3.2.0",
        "@girs/gobject-2.0": "^2.76.1-3.2.0"
      }
    },
    "node_modules/@girs/gl-1.0": {
      "version": "1.0.0-3.2.0",
      "resolved": "https://registry.npmjs.org/@girs/gl-1.0/-/gl-1.0-1.0.0-3.2.0.tgz",
      "integrity": "sha512-GQJcrSsqTec4URtR5ZGUAn98qkZdwu0E1DfsfvEh9hM6W2TELkfwmXWOuztZBmZIe1h2evHHS/LcBEYPapT2zg==",
      "dependencies": {
        "@girs/gjs": "^3.2.0",
        "@girs/gobject-2.0": "^2.76.1-3.2.0"
      }
    },
    "node_modules/@girs/glib-2.0": {
      "version": "2.76.1-3.2.0",
      "resolved": "https://registry.npmjs.org/@girs/glib-2.0/-/glib-2.0-2.76.1-3.2.0.tgz",
      "integrity": "sha512-q8IcFqCKyguMYv0Skv1XwwRjj1jfx4seFz3TI+Cqf1I/AoLdmI85W1HvwZh9/BZlYyfnheq+YLC87qNOXDX5Dw==",
      "dependencies": {
        "@girs/gjs": "^3.2.0",
        "@girs/gobject-2.0": "^2.76.1-3.2.0"
      }
    },
    "node_modules/@girs/gmodule-2.0": {
      "version": "2.0.0-3.2.0",
      "resolved": "https://registry.npmjs.org/@girs/gmodule-2.0/-/gmodule-2.0-2.0.0-3.2.0.tgz",
      "integrity": "sha512-R2douhM6bFJdV2MPVU9lP+ieD8duzR0Exx2z6BsmuJ5a4GCFtdVcwNSoVnmKOISzWMz0z2akCVnVVwxeK7zR+w==",
      "dependencies": {
        "@girs/gjs": "^3.2.0",
        "@girs/glib-2.0": "^2.76.1-3.2.0",
        "@girs/gobject-2.0": "^2.76.1-3.2.0"
      }
    },
    "node_modules/@girs/gobject-2.0": {
      "version": "2.76.1-3.2.0",
      "resolved": "https://registry.npmjs.org/@girs/gobject-2.0/-/gobject-2.0-2.76.1-3.2.0.tgz",
      "integrity": "sha512-LLdTaflO7sEprtpQiPoGMy7CnuotpGO7pacbP5wv3cDs4zan9QBO18p2qrVAlt/kxvbOe5V3lOgr1fEg/5TXjQ==",
      "dependencies": {
        "@girs/gjs": "^3.2.0",
        "@girs/glib-2.0": "^2.76.1-3.2.0"
      }
    },
    "node_modules/@girs/graphene-1.0": {
      "version": "1.0.0-3.2.0",
      "resolved": "https://registry.npmjs.org/@girs/graphene-1.0/-/graphene-1.0-1.0.0-3.2.0.tgz",
      "integrity": "sha512-/ajmQ1F5FJwf4qDxNxjYEQhVoKjubHdb4Pt0vO8O+RuDK9d+/H8m7OluA9YIxiYanH8vk9v826BziQ5Hg0M1tw==",
      "dependencies": {
        "@girs/gjs": "^3.2.0",
        "@girs/glib-2.0": "^2.76.1-3.2.0",
        "@girs/gobject-2.0": "^2.76.1-3.2.0"
      }
    },
    "node_modules/@girs/gsk-4.0": {
      "version": "4.0.0-3.2.0",
      "resolved": "https://registry.npmjs.org/@girs/gsk-4.0/-/gsk-4.0-4.0.0-3.2.0.tgz",
      "integrity": "sha512-7Dr1t7pKtEQobt3vPdx+hQfJ3H/PhdCk0p9NZpG4TZNPNTjhvDuZ40UWkuWbSgD60wvxGDnN3V/6cJL8TYef9Q==",
      "dev": true,
      "dependencies": {
        "@girs/cairo-1.0": "^1.0.0-3.2.0",
        "@girs/freetype2-2.0": "^2.0.0-3.2.0",
        "@girs/gdk-4.0": "^4.0.0-3.2.0",
        "@girs/gdkpixbuf-2.0": "^2.0.0-3.2.0",
        "@girs/gio-2.0": "^2.76.1-3.2.0",
        "@girs/gjs": "^3.2.0",
        "@girs/glib-2.0": "^2.76.1-3.2.0",
        "@girs/gmodule-2.0": "^2.0.0-3.2.0",
        "@girs/gobject-2.0": "^2.76.1-3.2.0",
        "@girs/graphene-1.0": "^1.0.0-3.2.0",
        "@girs/harfbuzz-0.0": "^7.1.0-3.2.0",
        "@girs/pango-1.0": "^1.50.14-3.2.0",
        "@girs/pangocairo-1.0": "^1.0.0-3.2.0"
      }
    },
    "node_modules/@girs/gtk-4.0": {
      "version": "4.10.4-3.2.0",
      "resolved": "https://registry.npmjs.org/@girs/gtk-4.0/-/gtk-4.0-4.10.4-3.2.0.tgz",
      "integrity": "sha512-/KB4LIQ9+Y+hWD/ZEqOdBelwp66dN9jTJumoyg4UQVQIq3h/c0oX/+ul3McEnpqNqq67GF5Em6/YXkBPZWIpQQ==",
      "dev": true,
      "dependencies": {
        "@girs/cairo-1.0": "^1.0.0-3.2.0",
        "@girs/freetype2-2.0": "^2.0.0-3.2.0",
        "@girs/gdk-4.0": "^4.0.0-3.2.0",
        "@girs/gdkpixbuf-2.0": "^2.0.0-3.2.0",
        "@girs/gio-2.0": "^2.76.1-3.2.0",
        "@girs/gjs": "^3.2.0",
        "@girs/glib-2.0": "^2.76.1-3.2.0",
        "@girs/gmodule-2.0": "^2.0.0-3.2.0",
        "@girs/gobject-2.0": "^2.76.1-3.2.0",
        "@girs/graphene-1.0": "^1.0.0-3.2.0",
        "@girs/gsk-4.0": "^4.0.0-3.2.0",
        "@girs/harfbuzz-0.0": "^7.1.0-3.2.0",
        "@girs/pango-1.0": "^1.50.14-3.2.0",
        "@girs/pangocairo-1.0": "^1.0.0-3.2.0"
      }
    },
    "node_modules/@girs/harfbuzz-0.0": {
      "version": "7.1.0-3.2.0",
      "resolved": "https://registry.npmjs.org/@girs/harfbuzz-0.0/-/harfbuzz-0.0-7.1.0-3.2.0.tgz",
      "integrity": "sha512-GiCFW+rSifwZj5/l3sQi0HIdEzbA/fGMB7dQf2nqPyM1lxdsg1FMcdxYlOvFuwnqXX2rHXbqToVEm2+gVCX/qA==",
      "dependencies": {
        "@girs/freetype2-2.0": "^2.0.0-3.2.0",
        "@girs/gjs": "^3.2.0",
        "@girs/glib-2.0": "^2.76.1-3.2.0",
        "@girs/gobject-2.0": "^2.76.1-3.2.0"
      }
    },
    "node_modules/@girs/json-1.0": {
      "version": "1.7.1-3.2.0",
      "resolved": "https://registry.npmjs.org/@girs/json-1.0/-/json-1.0-1.7.1-3.2.0.tgz",
      "integrity": "sha512-UE1BPlFkrMUtNvwL7cY0sklMHEESjXQLZciUinM6v1Nqrd3W1bz6S3CXJ8uKtvwmQwPKMq94oxw2bDpiWM/kTA==",
      "dependencies": {
        "@girs/gio-2.0": "^2.76.1-3.2.0",
        "@girs/gjs": "^3.2.0",
        "@girs/glib-2.0": "^2.76.1-3.2.0",
        "@girs/gobject-2.0": "^2.76.1-3.2.0"
      }
    },
    "node_modules/@girs/meta-12": {
      "version": "12.0.0-3.2.0",
      "resolved": "https://registry.npmjs.org/@girs/meta-12/-/meta-12-12.0.0-3.2.0.tgz",
      "integrity": "sha512-XUSkjAs4aYs2Qavt0lB2sBL/PWfrWqis/BamOqf4Xgrjqi9mkcJioIV0bHNfSsWCcH31w9BMCXxLrIGQ79KfHQ==",
      "dependencies": {
        "@girs/atk-1.0": "^2.48.3-3.2.0",
        "@girs/cairo-1.0": "^1.0.0-3.2.0",
        "@girs/clutter-12": "^12.0.0-3.2.0",
        "@girs/cogl-12": "^12.0.0-3.2.0",
        "@girs/coglpango-12": "^12.0.0-3.2.0",
        "@girs/freetype2-2.0": "^2.0.0-3.2.0",
        "@girs/gdesktopenums-3.0": "^3.0.0-3.2.0",
        "@girs/gio-2.0": "^2.76.1-3.2.0",
        "@girs/gjs": "^3.2.0",
        "@girs/gl-1.0": "^1.0.0-3.2.0",
        "@girs/glib-2.0": "^2.76.1-3.2.0",
        "@girs/gobject-2.0": "^2.76.1-3.2.0",
        "@girs/graphene-1.0": "^1.0.0-3.2.0",
        "@girs/harfbuzz-0.0": "^7.1.0-3.2.0",
        "@girs/json-1.0": "^1.7.1-3.2.0",
        "@girs/pango-1.0": "^1.50.14-3.2.0",
        "@girs/pangocairo-1.0": "^1.0.0-3.2.0",
        "@girs/xfixes-4.0": "^4.0.0-3.2.0",
        "@girs/xlib-2.0": "^2.0.0-3.2.0"
      }
    },
    "node_modules/@girs/pango-1.0": {
      "version": "1.50.14-3.2.0",
      "resolved": "https://registry.npmjs.org/@girs/pango-1.0/-/pango-1.0-1.50.14-3.2.0.tgz",
      "integrity": "sha512-3b7Tf0dF3mzM9Z/YINMU3P3/vdde0HgfoofCE18jZgC/pPj5GuBbq+m29JUDTf2iqq8GZVIzLH0elzazDZWozg==",
      "dependencies": {
        "@girs/cairo-1.0": "^1.0.0-3.2.0",
        "@girs/freetype2-2.0": "^2.0.0-3.2.0",
        "@girs/gio-2.0": "^2.76.1-3.2.0",
        "@girs/gjs": "^3.2.0",
        "@girs/glib-2.0": "^2.76.1-3.2.0",
        "@girs/gobject-2.0": "^2.76.1-3.2.0",
        "@girs/harfbuzz-0.0": "^7.1.0-3.2.0"
      }
    },
    "node_modules/@girs/pangocairo-1.0": {
      "version": "1.0.0-3.2.0",
      "resolved": "https://registry.npmjs.org/@girs/pangocairo-1.0/-/pangocairo-1.0-1.0.0-3.2.0.tgz",
      "integrity": "sha512-rIZaR5+njA3j5ZhGvaQG5PdoTLvXnT7/U6SYUGlnXuKYLJzn+EUgF8jN5X5Opp7aV+XgCRTcvPX8/a4ykuN4kA==",
      "dependencies": {
        "@girs/cairo-1.0": "^1.0.0-3.2.0",
        "@girs/freetype2-2.0": "^2.0.0-3.2.0",
        "@girs/gio-2.0": "^2.76.1-3.2.0",
        "@girs/gjs": "^3.2.0",
        "@girs/glib-2.0": "^2.76.1-3.2.0",
        "@girs/gobject-2.0": "^2.76.1-3.2.0",
        "@girs/harfbuzz-0.0": "^7.1.0-3.2.0",
        "@girs/pango-1.0": "^1.50.14-3.2.0"
      }
    },
    "node_modules/@girs/st-12": {
      "version": "12.0.0-3.2.0",
      "resolved": "https://registry.npmjs.org/@girs/st-12/-/st-12-12.0.0-3.2.0.tgz",
      "integrity": "sha512-yrAEQ14m3N9chh7+YC6Wp449KPH8pbqGIkP+cQHLgTpHi0DiSLO4Uqo4145tvYstmXS6KWRoiubvF288SxJO0A==",
      "dependencies": {
        "@girs/atk-1.0": "^2.48.3-3.2.0",
        "@girs/cairo-1.0": "^1.0.0-3.2.0",
        "@girs/cally-12": "^12.0.0-3.2.0",
        "@girs/clutter-12": "^12.0.0-3.2.0",
        "@girs/cogl-12": "^12.0.0-3.2.0",
        "@girs/coglpango-12": "^12.0.0-3.2.0",
        "@girs/freetype2-2.0": "^2.0.0-3.2.0",
        "@girs/gdesktopenums-3.0": "^3.0.0-3.2.0",
        "@girs/gdkpixbuf-2.0": "^2.0.0-3.2.0",
        "@girs/gio-2.0": "^2.76.1-3.2.0",
        "@girs/gjs": "^3.2.0",
        "@girs/gl-1.0": "^1.0.0-3.2.0",
        "@girs/glib-2.0": "^2.76.1-3.2.0",
        "@girs/gmodule-2.0": "^2.0.0-3.2.0",
        "@girs/gobject-2.0": "^2.76.1-3.2.0",
        "@girs/graphene-1.0": "^1.0.0-3.2.0",
        "@girs/harfbuzz-0.0": "^7.1.0-3.2.0",
        "@girs/json-1.0": "^1.7.1-3.2.0",
        "@girs/meta-12": "^12.0.0-3.2.0",
        "@girs/pango-1.0": "^1.50.14-3.2.0",
        "@girs/pangocairo-1.0": "^1.0.0-3.2.0",
        "@girs/xfixes-4.0": "^4.0.0-3.2.0",
        "@girs/xlib-2.0": "^2.0.0-3.2.0"
      }
    },
    "node_modules/@girs/xfixes-4.0": {
      "version": "4.0.0-3.2.0",
      "resolved": "https://registry.npmjs.org/@girs/xfixes-4.0/-/xfixes-4.0-4.0.0-3.2.0.tgz",
      "integrity": "sha512-sN0XrK02VHPhUbQ7jfn/mZwRRy4Rk/FVMwtPOd7gTrGt86x8dJhlBz7c954MzED1qOrhgbI2fl0mzi6IGcLg1g==",
      "dependencies": {
        "@girs/gjs": "^3.2.0",
        "@girs/gobject-2.0": "^2.76.1-3.2.0"
      }
    },
    "node_modules/@girs/xlib-2.0": {
      "version": "2.0.0-3.2.0",
      "resolved": "https://registry.npmjs.org/@girs/xlib-2.0/-/xlib-2.0-2.0.0-3.2.0.tgz",
      "integrity": "sha512-8k69DdQ6mMT4fqDdZGi3UN+P/ZXclq/lwgwjQv3hJKjxQSa4oBLdSEVCNvl2fwNs9s+D0ierTxzpV6Z+n3nOvw==",
      "dependencies": {
        "@girs/gjs": "^3.2.0",
        "@girs/gobject-2.0": "^2.76.1-3.2.0"
      }
    }
  }
}
